
Microsoft Visual Studio Solution File, Format Version 12.00
# Visual Studio Version 16
VisualStudioVersion = 16.0.29926.136
MinimumVisualStudioVersion = 10.0.40219.1
Project("{9A19103F-16F7-4668-BE54-9A1E7A4F7556}") = "QnABot", "QnABot.csproj", "{2C8BF4B2-7E9C-4C29-8915-7E0C4CCAA601}"
EndProject
Global
	GlobalSection(SolutionConfigurationPlatforms) = preSolution
		Debug|Any CPU = Debug|Any CPU
		Release|Any CPU = Release|Any CPU
	EndGlobalSection
	GlobalSection(ProjectConfigurationPlatforms) = postSolution
		{2C8BF4B2-7E9C-4C29-8915-7E0C4CCAA601}.Debug|Any CPU.ActiveCfg = Debug|Any CPU
		{2C8BF4B2-7E9C-4C29-8915-7E0C4CCAA601}.Debug|Any CPU.Build.0 = Debug|Any CPU
		{2C8BF4B2-7E9C-4C29-8915-7E0C4CCAA601}.Release|Any CPU.ActiveCfg = Release|Any CPU
		{2C8BF4B2-7E9C-4C29-8915-7E0C4CCAA601}.Release|Any CPU.Build.0 = Release|Any CPU
	EndGlobalSection
	GlobalSection(SolutionProperties) = preSolution
		HideSolutionNode = FALSE
	EndGlobalSection
	GlobalSection(ExtensibilityGlobals) = postSolution
		SolutionGuid = {88E35592-58DE-4C9C-9646-BB2D53B7C959}
	EndGlobalSection
EndGlobal
